schema: '2.0'
stages:
  prepare:
    cmd: python src/prepare.py
    deps:
    - path: src/prepare.py
      hash: md5
      md5: 25a78eaab07337763cc345fa2355659b
      size: 311
    outs:
    - path: data/raw
      hash: md5
      md5: 8eed0d8ea1f6523d534060311fecd6fe.dir
      size: 54951002
      nfiles: 1
  preprocess:
    cmd: python src/preprocess.py
    deps:
    - path: data/raw
      hash: md5
      md5: 8eed0d8ea1f6523d534060311fecd6fe.dir
      size: 54951002
      nfiles: 1
    - path: src/preprocess.py
      hash: md5
      md5: 07b1dbcd96fb1a24212a7279db992ce1
      size: 748
    params:
      params.yaml:
        preprocess.seed: 42
        preprocess.test_size: 0.1
    outs:
    - path: data/processed
      hash: md5
      md5: 30b8b16c77a0cb26d553b240697da8ff.dir
      size: 439111486
      nfiles: 1
  train:
    cmd: python src/train.py
    deps:
    - path: data/processed
      hash: md5
      md5: 30b8b16c77a0cb26d553b240697da8ff.dir
      size: 439111486
      nfiles: 1
    - path: src/train.py
      hash: md5
      md5: 7d5f6cf177ed99eacf798fae9582e366
      size: 898
    params:
      params.yaml:
        train:
          dense_units: 256
          dropout_rate: 0.2
          learning_rate: 0.001
          epochs: 10
          batch_size: 64
    outs:
    - path: models
      hash: md5
      md5: c6e265325705745b6e635003b512f2f8.dir
      size: 2467716
      nfiles: 2
  evaluate:
    cmd: python src/evaluate.py
    deps:
    - path: data/processed
      hash: md5
      md5: 30b8b16c77a0cb26d553b240697da8ff.dir
      size: 439111486
      nfiles: 1
    - path: models/model.h5
      hash: md5
      md5: 361cdae2476f33d4db1d300606fd81b9
      size: 2466904
    - path: src/evaluate.py
      hash: md5
      md5: e3230af08c1a376add2bb42920ce57ad
      size: 747
    outs:
    - path: evaluation/confusion_matrix.png
      hash: md5
      md5: 8195f0c40f8a5023bea404ac0864866c
      size: 45060
    - path: metrics.json
      hash: md5
      md5: 899d269957ee44aabfe33962afe3a4d7
      size: 79
