schema: '2.0'
stages:
  prepare:
    cmd: python src/prepare.py
    deps:
    - path: src/prepare.py
      hash: md5
      md5: 25a78eaab07337763cc345fa2355659b
      size: 311
    outs:
    - path: data/raw
      hash: md5
      md5: 8eed0d8ea1f6523d534060311fecd6fe.dir
      size: 54951002
      nfiles: 1
  preprocess:
    cmd: python src/preprocess.py
    deps:
    - path: data/raw
      hash: md5
      md5: 8eed0d8ea1f6523d534060311fecd6fe.dir
      size: 54951002
      nfiles: 1
    - path: src/preprocess.py
      hash: md5
      md5: e9ddc14f0954efd955c3d5647cd35e2a
      size: 778
    params:
      params.yaml:
        preprocess.seed: 42
        preprocess.test_size: 0.1
    outs:
    - path: data/processed
      hash: md5
      md5: 9edd16ee5400b496e8b60f541748ae54.dir
      size: 219591486
      nfiles: 1
  train:
    cmd: python src/train.py
    deps:
    - path: data/processed
      hash: md5
      md5: 9edd16ee5400b496e8b60f541748ae54.dir
      size: 219591486
      nfiles: 1
    - path: src/train.py
      hash: md5
      md5: 7d5f6cf177ed99eacf798fae9582e366
      size: 898
    params:
      params.yaml:
        train:
          dense_units: 256
          dropout_rate: 0.2
          learning_rate: 0.001
          epochs: 10
          batch_size: 64
    outs:
    - path: models
      hash: md5
      md5: fd86186423a47a6c1bae2f50bcbb1db0.dir
      size: 2467717
      nfiles: 2
  evaluate:
    cmd: python src/evaluate.py
    deps:
    - path: data/processed
      hash: md5
      md5: 9edd16ee5400b496e8b60f541748ae54.dir
      size: 219591486
      nfiles: 1
    - path: models/model.h5
      hash: md5
      md5: b118f96f638702458083f9e02d0f65e1
      size: 2466904
    - path: src/evaluate.py
      hash: md5
      md5: e3230af08c1a376add2bb42920ce57ad
      size: 747
    outs:
    - path: evaluation/confusion_matrix.png
      hash: md5
      md5: 55c4ffe2dfc4376f0a44b1dd387b575f
      size: 46041
    - path: metrics.json
      hash: md5
      md5: a2243ac4c651f306f68ddf295f2e393c
      size: 79
